// !$*UTF8*$!
{
	archiveVersion = 1;
	classes = {
	};
	objectVersion = 55;
	objects = {

/* Begin PBXBuildFile section */
		93FD85AA28F4449A00F9238E /* SelectGameView.swift in Sources */ = {isa = PBXBuildFile; fileRef = 93FD85A928F4449A00F9238E /* SelectGameView.swift */; };
		A4378D1728EF922600DA2DA0 /* gameMathApp.swift in Sources */ = {isa = PBXBuildFile; fileRef = A4378D1628EF922600DA2DA0 /* gameMathApp.swift */; };
		A4378D1928EF922600DA2DA0 /* ContentView.swift in Sources */ = {isa = PBXBuildFile; fileRef = A4378D1828EF922600DA2DA0 /* ContentView.swift */; };
		A4378D1B28EF922900DA2DA0 /* Assets.xcassets in Resources */ = {isa = PBXBuildFile; fileRef = A4378D1A28EF922900DA2DA0 /* Assets.xcassets */; };
		A4378D1E28EF922900DA2DA0 /* Preview Assets.xcassets in Resources */ = {isa = PBXBuildFile; fileRef = A4378D1D28EF922900DA2DA0 /* Preview Assets.xcassets */; };
		A45A0D77290041AB0043D00A /* HapitcsModel.swift in Sources */ = {isa = PBXBuildFile; fileRef = A45A0D76290041AB0043D00A /* HapitcsModel.swift */; };
		A465ACF728F9984800517FCD /* ModelGame.swift in Sources */ = {isa = PBXBuildFile; fileRef = A465ACF628F9984800517FCD /* ModelGame.swift */; };
		A4EB4AA028FED0B7002EB67D /* MaioraisView.swift in Sources */ = {isa = PBXBuildFile; fileRef = A4EB4A9F28FED0B7002EB67D /* MaioraisView.swift */; };
		A4EB4AA228FED542002EB67D /* TimeView.swift in Sources */ = {isa = PBXBuildFile; fileRef = A4EB4AA128FED542002EB67D /* TimeView.swift */; };
/* End PBXBuildFile section */

/* Begin PBXFileReference section */
		93FD85A928F4449A00F9238E /* SelectGameView.swift */ = {isa = PBXFileReference; lastKnownFileType = sourcecode.swift; path = SelectGameView.swift; sourceTree = "<group>"; };
		A4378D1328EF922600DA2DA0 /* Défi.app */ = {isa = PBXFileReference; explicitFileType = wrapper.application; includeInIndex = 0; path = "Défi.app"; sourceTree = BUILT_PRODUCTS_DIR; };
		A4378D1628EF922600DA2DA0 /* gameMathApp.swift */ = {isa = PBXFileReference; lastKnownFileType = sourcecode.swift; path = gameMathApp.swift; sourceTree = "<group>"; };
		A4378D1828EF922600DA2DA0 /* ContentView.swift */ = {isa = PBXFileReference; lastKnownFileType = sourcecode.swift; path = ContentView.swift; sourceTree = "<group>"; };
		A4378D1A28EF922900DA2DA0 /* Assets.xcassets */ = {isa = PBXFileReference; lastKnownFileType = folder.assetcatalog; path = Assets.xcassets; sourceTree = "<group>"; };
		A4378D1D28EF922900DA2DA0 /* Preview Assets.xcassets */ = {isa = PBXFileReference; lastKnownFileType = folder.assetcatalog; path = "Preview Assets.xcassets"; sourceTree = "<group>"; };
		A45A0D76290041AB0043D00A /* HapitcsModel.swift */ = {isa = PBXFileReference; lastKnownFileType = sourcecode.swift; path = HapitcsModel.swift; sourceTree = "<group>"; };
		A465ACF628F9984800517FCD /* ModelGame.swift */ = {isa = PBXFileReference; lastKnownFileType = sourcecode.swift; path = ModelGame.swift; sourceTree = "<group>"; };
		A4EB4A9F28FED0B7002EB67D /* MaioraisView.swift */ = {isa = PBXFileReference; lastKnownFileType = sourcecode.swift; path = MaioraisView.swift; sourceTree = "<group>"; };
		A4EB4AA128FED542002EB67D /* TimeView.swift */ = {isa = PBXFileReference; lastKnownFileType = sourcecode.swift; path = TimeView.swift; sourceTree = "<group>"; };
/* End PBXFileReference section */

/* Begin PBXFrameworksBuildPhase section */
		A4378D1028EF922600DA2DA0 /* Frameworks */ = {
			isa = PBXFrameworksBuildPhase;
			buildActionMask = 2147483647;
			files = (
			);
			runOnlyForDeploymentPostprocessing = 0;
		};
/* End PBXFrameworksBuildPhase section */

/* Begin PBXGroup section */
		A4378D0A28EF922600DA2DA0 = {
			isa = PBXGroup;
			children = (
				A4378D1528EF922600DA2DA0 /* gameMath */,
				A4378D1428EF922600DA2DA0 /* Products */,
			);
			sourceTree = "<group>";
		};
		A4378D1428EF922600DA2DA0 /* Products */ = {
			isa = PBXGroup;
			children = (
				A4378D1328EF922600DA2DA0 /* Défi.app */,
			);
			name = Products;
			sourceTree = "<group>";
		};
		A4378D1528EF922600DA2DA0 /* gameMath */ = {
			isa = PBXGroup;
			children = (
				A465ACF528F9983500517FCD /* Models */,
				93FD85A928F4449A00F9238E /* SelectGameView.swift */,
				A4378D1628EF922600DA2DA0 /* gameMathApp.swift */,
				A4378D1828EF922600DA2DA0 /* ContentView.swift */,
				A4EB4A9F28FED0B7002EB67D /* MaioraisView.swift */,
				A4EB4AA128FED542002EB67D /* TimeView.swift */,
				A45A0D76290041AB0043D00A /* HapitcsModel.swift */,
				A4378D1A28EF922900DA2DA0 /* Assets.xcassets */,
				A4378D1C28EF922900DA2DA0 /* Preview Content */,
			);
			path = gameMath;
			sourceTree = "<group>";
		};
		A4378D1C28EF922900DA2DA0 /* Preview Content */ = {
			isa = PBXGroup;
			children = (
				A4378D1D28EF922900DA2DA0 /* Preview Assets.xcassets */,
			);
			path = "Preview Content";
			sourceTree = "<group>";
		};
		A465ACF528F9983500517FCD /* Models */ = {
			isa = PBXGroup;
			children = (
				A465ACF628F9984800517FCD /* ModelGame.swift */,
			);
			path = Models;
			sourceTree = "<group>";
		};
/* End PBXGroup section */

/* Begin PBXNativeTarget section */
		A4378D1228EF922600DA2DA0 /* gameMath */ = {
			isa = PBXNativeTarget;
			buildConfigurationList = A4378D2128EF922900DA2DA0 /* Build configuration list for PBXNativeTarget "gameMath" */;
			buildPhases = (
				A4378D0F28EF922600DA2DA0 /* Sources */,
				A4378D1028EF922600DA2DA0 /* Frameworks */,
				A4378D1128EF922600DA2DA0 /* Resources */,
			);
			buildRules = (
			);
			dependencies = (
			);
			name = gameMath;
			productName = gameMath;
			productReference = A4378D1328EF922600DA2DA0 /* Défi.app */;
			productType = "com.apple.product-type.application";
		};
/* End PBXNativeTarget section */

/* Begin PBXProject section */
		A4378D0B28EF922600DA2DA0 /* Project object */ = {
			isa = PBXProject;
			attributes = {
				BuildIndependentTargetsInParallel = 1;
				LastSwiftUpdateCheck = 1340;
				LastUpgradeCheck = 1340;
				TargetAttributes = {
					A4378D1228EF922600DA2DA0 = {
						CreatedOnToolsVersion = 13.4.1;
					};
				};
			};
			buildConfigurationList = A4378D0E28EF922600DA2DA0 /* Build configuration list for PBXProject "gameMath" */;
			compatibilityVersion = "Xcode 13.0";
			developmentRegion = en;
			hasScannedForEncodings = 0;
			knownRegions = (
				en,
				Base,
			);
			mainGroup = A4378D0A28EF922600DA2DA0;
			productRefGroup = A4378D1428EF922600DA2DA0 /* Products */;
			projectDirPath = "";
			projectRoot = "";
			targets = (
				A4378D1228EF922600DA2DA0 /* gameMath */,
			);
		};
/* End PBXProject section */

/* Begin PBXResourcesBuildPhase section */
		A4378D1128EF922600DA2DA0 /* Resources */ = {
			isa = PBXResourcesBuildPhase;
			buildActionMask = 2147483647;
			files = (
				A4378D1E28EF922900DA2DA0 /* Preview Assets.xcassets in Resources */,
				A4378D1B28EF922900DA2DA0 /* Assets.xcassets in Resources */,
			);
			runOnlyForDeploymentPostprocessing = 0;
		};
/* End PBXResourcesBuildPhase section */

/* Begin PBXSourcesBuildPhase section */
		A4378D0F28EF922600DA2DA0 /* Sources */ = {
			isa = PBXSourcesBuildPhase;
			buildActionMask = 2147483647;
			files = (
				93FD85AA28F4449A00F9238E /* SelectGameView.swift in Sources */,
				A4EB4AA028FED0B7002EB67D /* MaioraisView.swift in Sources */,
				A465ACF728F9984800517FCD /* ModelGame.swift in Sources */,
				A4378D1928EF922600DA2DA0 /* ContentView.swift in Sources */,
				A45A0D77290041AB0043D00A /* HapitcsModel.swift in Sources */,
				A4378D1728EF922600DA2DA0 /* gameMathApp.swift in Sources */,
				A4EB4AA228FED542002EB67D /* TimeView.swift in Sources */,
			);
			runOnlyForDeploymentPostprocessing = 0;
		};
/* End PBXSourcesBuildPhase section */

/* Begin XCBuildConfiguration section */
		A4378D1F28EF922900DA2DA0 /* Debug */ = {
			isa = XCBuildConfiguration;
			buildSettings = {
				ALWAYS_SEARCH_USER_PATHS = NO;
				CLANG_ANALYZER_NONNULL = YES;
				CLANG_ANALYZER_NUMBER_OBJECT_CONVERSION = YES_AGGRESSIVE;
				CLANG_CXX_LANGUAGE_STANDARD = "gnu++17";
				CLANG_ENABLE_MODULES = YES;
				CLANG_ENABLE_OBJC_ARC = YES;
				CLANG_ENABLE_OBJC_WEAK = YES;
				CLANG_WARN_BLOCK_CAPTURE_AUTORELEASING = YES;
				CLANG_WARN_BOOL_CONVERSION = YES;
				CLANG_WARN_COMMA = YES;
				CLANG_WARN_CONSTANT_CONVERSION = YES;
				CLANG_WARN_DEPRECATED_OBJC_IMPLEMENTATIONS = YES;
				CLANG_WARN_DIRECT_OBJC_ISA_USAGE = YES_ERROR;
				CLANG_WARN_DOCUMENTATION_COMMENTS = YES;
				CLANG_WARN_EMPTY_BODY = YES;
				CLANG_WARN_ENUM_CONVERSION = YES;
				CLANG_WARN_INFINITE_RECURSION = YES;
				CLANG_WARN_INT_CONVERSION = YES;
				CLANG_WARN_NON_LITERAL_NULL_CONVERSION = YES;
				CLANG_WARN_OBJC_IMPLICIT_RETAIN_SELF = YES;
				CLANG_WARN_OBJC_LITERAL_CONVERSION = YES;
				CLANG_WARN_OBJC_ROOT_CLASS = YES_ERROR;
				CLANG_WARN_QUOTED_INCLUDE_IN_FRAMEWORK_HEADER = YES;
				CLANG_WARN_RANGE_LOOP_ANALYSIS = YES;
				CLANG_WARN_STRICT_PROTOTYPES = YES;
				CLANG_WARN_SUSPICIOUS_MOVE = YES;
				CLANG_WARN_UNGUARDED_AVAILABILITY = YES_AGGRESSIVE;
				CLANG_WARN_UNREACHABLE_CODE = YES;
				CLANG_WARN__DUPLICATE_METHOD_MATCH = YES;
				COPY_PHASE_STRIP = NO;
				DEBUG_INFORMATION_FORMAT = dwarf;
				ENABLE_STRICT_OBJC_MSGSEND = YES;
				ENABLE_TESTABILITY = YES;
				GCC_C_LANGUAGE_STANDARD = gnu11;
				GCC_DYNAMIC_NO_PIC = NO;
				GCC_NO_COMMON_BLOCKS = YES;
				GCC_OPTIMIZATION_LEVEL = 0;
				GCC_PREPROCESSOR_DEFINITIONS = (
					"DEBUG=1",
					"$(inherited)",
				);
				GCC_WARN_64_TO_32_BIT_CONVERSION = YES;
				GCC_WARN_ABOUT_RETURN_TYPE = YES_ERROR;
				GCC_WARN_UNDECLARED_SELECTOR = YES;
				GCC_WARN_UNINITIALIZED_AUTOS = YES_AGGRESSIVE;
				GCC_WARN_UNUSED_FUNCTION = YES;
				GCC_WARN_UNUSED_VARIABLE = YES;
				IPHONEOS_DEPLOYMENT_TARGET = 15.5;
				MTL_ENABLE_DEBUG_INFO = INCLUDE_SOURCE;
				MTL_FAST_MATH = YES;
				ONLY_ACTIVE_ARCH = YES;
				SDKROOT = iphoneos;
				SWIFT_ACTIVE_COMPILATION_CONDITIONS = DEBUG;
				SWIFT_OPTIMIZATION_LEVEL = "-Onone";
			};
			name = Debug;
		};
		A4378D2028EF922900DA2DA0 /* Release */ = {
			isa = XCBuildConfiguration;
			buildSettings = {
				ALWAYS_SEARCH_USER_PATHS = NO;
				CLANG_ANALYZER_NONNULL = YES;
				CLANG_ANALYZER_NUMBER_OBJECT_CONVERSION = YES_AGGRESSIVE;
				CLANG_CXX_LANGUAGE_STANDARD = "gnu++17";
				CLANG_ENABLE_MODULES = YES;
				CLANG_ENABLE_OBJC_ARC = YES;
				CLANG_ENABLE_OBJC_WEAK = YES;
				CLANG_WARN_BLOCK_CAPTURE_AUTORELEASING = YES;
				CLANG_WARN_BOOL_CONVERSION = YES;
				CLANG_WARN_COMMA = YES;
				CLANG_WARN_CONSTANT_CONVERSION = YES;
				CLANG_WARN_DEPRECATED_OBJC_IMPLEMENTATIONS = YES;
				CLANG_WARN_DIRECT_OBJC_ISA_USAGE = YES_ERROR;
				CLANG_WARN_DOCUMENTATION_COMMENTS = YES;
				CLANG_WARN_EMPTY_BODY = YES;
				CLANG_WARN_ENUM_CONVERSION = YES;
				CLANG_WARN_INFINITE_RECURSION = YES;
				CLANG_WARN_INT_CONVERSION = YES;
				CLANG_WARN_NON_LITERAL_NULL_CONVERSION = YES;
				CLANG_WARN_OBJC_IMPLICIT_RETAIN_SELF = YES;
				CLANG_WARN_OBJC_LITERAL_CONVERSION = YES;
				CLANG_WARN_OBJC_ROOT_CLASS = YES_ERROR;
				CLANG_WARN_QUOTED_INCLUDE_IN_FRAMEWORK_HEADER = YES;
				CLANG_WARN_RANGE_LOOP_ANALYSIS = YES;
				CLANG_WARN_STRICT_PROTOTYPES = YES;
				CLANG_WARN_SUSPICIOUS_MOVE = YES;
				CLANG_WARN_UNGUARDED_AVAILABILITY = YES_AGGRESSIVE;
				CLANG_WARN_UNREACHABLE_CODE = YES;
				CLANG_WARN__DUPLICATE_METHOD_MATCH = YES;
				COPY_PHASE_STRIP = NO;
				DEBUG_INFORMATION_FORMAT = "dwarf-with-dsym";
				ENABLE_NS_ASSERTIONS = NO;
				ENABLE_STRICT_OBJC_MSGSEND = YES;
				GCC_C_LANGUAGE_STANDARD = gnu11;
				GCC_NO_COMMON_BLOCKS = YES;
				GCC_WARN_64_TO_32_BIT_CONVERSION = YES;
				GCC_WARN_ABOUT_RETURN_TYPE = YES_ERROR;
				GCC_WARN_UNDECLARED_SELECTOR = YES;
				GCC_WARN_UNINITIALIZED_AUTOS = YES_AGGRESSIVE;
				GCC_WARN_UNUSED_FUNCTION = YES;
				GCC_WARN_UNUSED_VARIABLE = YES;
				IPHONEOS_DEPLOYMENT_TARGET = 15.5;
				MTL_ENABLE_DEBUG_INFO = NO;
				MTL_FAST_MATH = YES;
				SDKROOT = iphoneos;
				SWIFT_COMPILATION_MODE = wholemodule;
				SWIFT_OPTIMIZATION_LEVEL = "-O";
				VALIDATE_PRODUCT = YES;
			};
			name = Release;
		};
		A4378D2228EF922900DA2DA0 /* Debug */ = {
			isa = XCBuildConfiguration;
			buildSettings = {
				ASSETCATALOG_COMPILER_APPICON_NAME = AppIcon;
				ASSETCATALOG_COMPILER_GLOBAL_ACCENT_COLOR_NAME = AccentColor;
				CODE_SIGN_STYLE = Automatic;
				CURRENT_PROJECT_VERSION = 1;
				DEVELOPMENT_ASSET_PATHS = "\"gameMath/Preview Content\"";
				DEVELOPMENT_TEAM = 9YF48LKAWG;
				ENABLE_PREVIEWS = YES;
				GENERATE_INFOPLIST_FILE = YES;
				INFOPLIST_KEY_UIApplicationSceneManifest_Generation = YES;
				INFOPLIST_KEY_UIApplicationSupportsIndirectInputEvents = YES;
				INFOPLIST_KEY_UILaunchScreen_Generation = YES;
				INFOPLIST_KEY_UISupportedInterfaceOrientations_iPad = "UIInterfaceOrientationPortrait UIInterfaceOrientationPortraitUpsideDown UIInterfaceOrientationLandscapeLeft UIInterfaceOrientationLandscapeRight";
				INFOPLIST_KEY_UISupportedInterfaceOrientations_iPhone = "UIInterfaceOrientationPortrait UIInterfaceOrientationLandscapeLeft UIInterfaceOrientationLandscapeRight";
				LD_RUNPATH_SEARCH_PATHS = (
					"$(inherited)",
					"@executable_path/Frameworks",
				);
				MARKETING_VERSION = 1.0;
				PRODUCT_BUNDLE_IDENTIFIER = br.ufpe.cin.academy.gameMath;
				PRODUCT_NAME = "Défi";
				SWIFT_EMIT_LOC_STRINGS = YES;
				SWIFT_VERSION = 5.0;
				TARGETED_DEVICE_FAMILY = "1,2";
			};
			name = Debug;
		};
		A4378D2328EF922900DA2DA0 /* Release */ = {
			isa = XCBuildConfiguration;
			buildSettings = {
				ASSETCATALOG_COMPILER_APPICON_NAME = AppIcon;
				ASSETCATALOG_COMPILER_GLOBAL_ACCENT_COLOR_NAME = AccentColor;
				CODE_SIGN_STYLE = Automatic;
				CURRENT_PROJECT_VERSION = 1;
				DEVELOPMENT_ASSET_PATHS = "\"gameMath/Preview Content\"";
				DEVELOPMENT_TEAM = 9YF48LKAWG;
				ENABLE_PREVIEWS = YES;
				GENERATE_INFOPLIST_FILE = YES;
				INFOPLIST_KEY_UIApplicationSceneManifest_Generation = YES;
				INFOPLIST_KEY_UIApplicationSupportsIndirectInputEvents = YES;
				INFOPLIST_KEY_UILaunchScreen_Generation = YES;
				INFOPLIST_KEY_UISupportedInterfaceOrientations_iPad = "UIInterfaceOrientationPortrait UIInterfaceOrientationPortraitUpsideDown UIInterfaceOrientationLandscapeLeft UIInterfaceOrientationLandscapeRight";
				INFOPLIST_KEY_UISupportedInterfaceOrientations_iPhone = "UIInterfaceOrientationPortrait UIInterfaceOrientationLandscapeLeft UIInterfaceOrientationLandscapeRight";
				LD_RUNPATH_SEARCH_PATHS = (
					"$(inherited)",
					"@executable_path/Frameworks",
				);
				MARKETING_VERSION = 1.0;
				PRODUCT_BUNDLE_IDENTIFIER = br.ufpe.cin.academy.gameMath;
				PRODUCT_NAME = "Défi";
				SWIFT_EMIT_LOC_STRINGS = YES;
				SWIFT_VERSION = 5.0;
				TARGETED_DEVICE_FAMILY = "1,2";
			};
			name = Release;
		};
/* End XCBuildConfiguration section */

/* Begin XCConfigurationList section */
		A4378D0E28EF922600DA2DA0 /* Build configuration list for PBXProject "gameMath" */ = {
			isa = XCConfigurationList;
			buildConfigurations = (
				A4378D1F28EF922900DA2DA0 /* Debug */,
				A4378D2028EF922900DA2DA0 /* Release */,
			);
			defaultConfigurationIsVisible = 0;
			defaultConfigurationName = Release;
		};
		A4378D2128EF922900DA2DA0 /* Build configuration list for PBXNativeTarget "gameMath" */ = {
			isa = XCConfigurationList;
			buildConfigurations = (
				A4378D2228EF922900DA2DA0 /* Debug */,
				A4378D2328EF922900DA2DA0 /* Release */,
			);
			defaultConfigurationIsVisible = 0;
			defaultConfigurationName = Release;
		};
/* End XCConfigurationList section */
	};
	rootObject = A4378D0B28EF922600DA2DA0 /* Project object */;
}
